// !$*UTF8*$!
{
	archiveVersion = 1;
	classes = {
	};
	objectVersion = 48;
	objects = {

/* Begin PBXBuildFile section */
		D75145F61F269D7000B0658C /* AppDelegate.swift in Sources */ = {isa = PBXBuildFile; fileRef = D75145F51F269D7000B0658C /* AppDelegate.swift */; };
		D75145F81F269D7000B0658C /* ViewController.swift in Sources */ = {isa = PBXBuildFile; fileRef = D75145F71F269D7000B0658C /* ViewController.swift */; };
		D75145FB1F269D7000B0658C /* Main.storyboard in Resources */ = {isa = PBXBuildFile; fileRef = D75145F91F269D7000B0658C /* Main.storyboard */; };
		D75145FD1F269D7000B0658C /* Assets.xcassets in Resources */ = {isa = PBXBuildFile; fileRef = D75145FC1F269D7000B0658C /* Assets.xcassets */; };
		D75146001F269D7000B0658C /* LaunchScreen.storyboard in Resources */ = {isa = PBXBuildFile; fileRef = D75145FE1F269D7000B0658C /* LaunchScreen.storyboard */; };
/* End PBXBuildFile section */

/* Begin PBXFileReference section */
		D75145F21F269D7000B0658C /* TodoWithMonitorSampleApp.app */ = {isa = PBXFileReference; explicitFileType = wrapper.application; includeInIndex = 0; path = TodoWithMonitorSampleApp.app; sourceTree = BUILT_PRODUCTS_DIR; };
		D75145F51F269D7000B0658C /* AppDelegate.swift */ = {isa = PBXFileReference; lastKnownFileType = sourcecode.swift; path = AppDelegate.swift; sourceTree = "<group>"; };
		D75145F71F269D7000B0658C /* ViewController.swift */ = {isa = PBXFileReference; lastKnownFileType = sourcecode.swift; path = ViewController.swift; sourceTree = "<group>"; };
		D75145FA1F269D7000B0658C /* Base */ = {isa = PBXFileReference; lastKnownFileType = file.storyboard; name = Base; path = Base.lproj/Main.storyboard; sourceTree = "<group>"; };
		D75145FC1F269D7000B0658C /* Assets.xcassets */ = {isa = PBXFileReference; lastKnownFileType = folder.assetcatalog; path = Assets.xcassets; sourceTree = "<group>"; };
		D75145FF1F269D7000B0658C /* Base */ = {isa = PBXFileReference; lastKnownFileType = file.storyboard; name = Base; path = Base.lproj/LaunchScreen.storyboard; sourceTree = "<group>"; };
		D75146011F269D7000B0658C /* Info.plist */ = {isa = PBXFileReference; lastKnownFileType = text.plist.xml; path = Info.plist; sourceTree = "<group>"; };
/* End PBXFileReference section */

/* Begin PBXFrameworksBuildPhase section */
		D75145EF1F269D7000B0658C /* Frameworks */ = {
			isa = PBXFrameworksBuildPhase;
			buildActionMask = 2147483647;
			files = (
			);
			runOnlyForDeploymentPostprocessing = 0;
		};
/* End PBXFrameworksBuildPhase section */

/* Begin PBXGroup section */
		D75145E91F269D7000B0658C = {
			isa = PBXGroup;
			children = (
				D75145F41F269D7000B0658C /* TodoWithMonitorSampleApp */,
				D75145F31F269D7000B0658C /* Products */,
			);
			sourceTree = "<group>";
		};
		D75145F31F269D7000B0658C /* Products */ = {
			isa = PBXGroup;
			children = (
				D75145F21F269D7000B0658C /* TodoWithMonitorSampleApp.app */,
			);
			name = Products;
			sourceTree = "<group>";
		};
		D75145F41F269D7000B0658C /* TodoWithMonitorSampleApp */ = {
			isa = PBXGroup;
			children = (
				D75145F51F269D7000B0658C /* AppDelegate.swift */,
				D75145F71F269D7000B0658C /* ViewController.swift */,
				D75145F91F269D7000B0658C /* Main.storyboard */,
				D75145FC1F269D7000B0658C /* Assets.xcassets */,
				D75145FE1F269D7000B0658C /* LaunchScreen.storyboard */,
				D75146011F269D7000B0658C /* Info.plist */,
			);
			path = TodoWithMonitorSampleApp;
			sourceTree = "<group>";
		};
/* End PBXGroup section */

/* Begin PBXNativeTarget section */
		D75145F11F269D7000B0658C /* TodoWithMonitorSampleApp */ = {
			isa = PBXNativeTarget;
			buildConfigurationList = D75146041F269D7000B0658C /* Build configuration list for PBXNativeTarget "TodoWithMonitorSampleApp" */;
			buildPhases = (
				D75145EE1F269D7000B0658C /* Sources */,
				D75145EF1F269D7000B0658C /* Frameworks */,
				D75145F01F269D7000B0658C /* Resources */,
			);
			buildRules = (
			);
			dependencies = (
			);
			name = TodoWithMonitorSampleApp;
			productName = TodoWithMonitorSampleApp;
			productReference = D75145F21F269D7000B0658C /* TodoWithMonitorSampleApp.app */;
			productType = "com.apple.product-type.application";
		};
/* End PBXNativeTarget section */

/* Begin PBXProject section */
		D75145EA1F269D7000B0658C /* Project object */ = {
			isa = PBXProject;
			attributes = {
				LastSwiftUpdateCheck = 0900;
				LastUpgradeCheck = 0900;
				ORGANIZATIONNAME = "Omar Abdelhafith";
				TargetAttributes = {
					D75145F11F269D7000B0658C = {
						CreatedOnToolsVersion = 9.0;
					};
				};
			};
			buildConfigurationList = D75145ED1F269D7000B0658C /* Build configuration list for PBXProject "TodoWithMonitorSampleApp" */;
			compatibilityVersion = "Xcode 8.0";
			developmentRegion = en;
			hasScannedForEncodings = 0;
			knownRegions = (
				en,
				Base,
			);
			mainGroup = D75145E91F269D7000B0658C;
			productRefGroup = D75145F31F269D7000B0658C /* Products */;
			projectDirPath = "";
			projectRoot = "";
			targets = (
				D75145F11F269D7000B0658C /* TodoWithMonitorSampleApp */,
			);
		};
/* End PBXProject section */

/* Begin PBXResourcesBuildPhase section */
		D75145F01F269D7000B0658C /* Resources */ = {
			isa = PBXResourcesBuildPhase;
			buildActionMask = 2147483647;
			files = (
				D75146001F269D7000B0658C /* LaunchScreen.storyboard in Resources */,
				D75145FD1F269D7000B0658C /* Assets.xcassets in Resources */,
				D75145FB1F269D7000B0658C /* Main.storyboard in Resources */,
			);
			runOnlyForDeploymentPostprocessing = 0;
		};
/* End PBXResourcesBuildPhase section */

/* Begin PBXSourcesBuildPhase section */
		D75145EE1F269D7000B0658C /* Sources */ = {
			isa = PBXSourcesBuildPhase;
			buildActionMask = 2147483647;
			files = (
				D75145F81F269D7000B0658C /* ViewController.swift in Sources */,
				D75145F61F269D7000B0658C /* AppDelegate.swift in Sources */,
			);
			runOnlyForDeploymentPostprocessing = 0;
		};
/* End PBXSourcesBuildPhase section */

/* Begin PBXVariantGroup section */
		D75145F91F269D7000B0658C /* Main.storyboard */ = {
			isa = PBXVariantGroup;
			children = (
				D75145FA1F269D7000B0658C /* Base */,
			);
			name = Main.storyboard;
			sourceTree = "<group>";
		};
		D75145FE1F269D7000B0658C /* LaunchScreen.storyboard */ = {
			isa = PBXVariantGroup;
			children = (
				D75145FF1F269D7000B0658C /* Base */,
			);
			name = LaunchScreen.storyboard;
			sourceTree = "<group>";
		};
/* End PBXVariantGroup section */

/* Begin XCBuildConfiguration section */
		D75146021F269D7000B0658C /* Debug */ = {
			isa = XCBuildConfiguration;
			buildSettings = {
				ALWAYS_SEARCH_USER_PATHS = NO;
				CLANG_ANALYZER_NONNULL = YES;
				CLANG_ANALYZER_NUMBER_OBJECT_CONVERSION = YES_AGGRESSIVE;
				CLANG_CXX_LANGUAGE_STANDARD = "gnu++14";
				CLANG_CXX_LIBRARY = "libc++";
				CLANG_ENABLE_MODULES = YES;
				CLANG_ENABLE_OBJC_ARC = YES;
				CLANG_WARN_BLOCK_CAPTURE_AUTORELEASING = YES;
				CLANG_WARN_BOOL_CONVERSION = YES;
				CLANG_WARN_COMMA = YES;
				CLANG_WARN_CONSTANT_CONVERSION = YES;
				CLANG_WARN_DIRECT_OBJC_ISA_USAGE = YES_ERROR;
				CLANG_WARN_DOCUMENTATION_COMMENTS = YES;
				CLANG_WARN_EMPTY_BODY = YES;
				CLANG_WARN_ENUM_CONVERSION = YES;
				CLANG_WARN_INFINITE_RECURSION = YES;
				CLANG_WARN_INT_CONVERSION = YES;
				CLANG_WARN_NON_LITERAL_NULL_CONVERSION = YES;
				CLANG_WARN_OBJC_LITERAL_CONVERSION = YES;
				CLANG_WARN_OBJC_ROOT_CLASS = YES_ERROR;
				CLANG_WARN_RANGE_LOOP_ANALYSIS = YES;
				CLANG_WARN_STRICT_PROTOTYPES = YES;
				CLANG_WARN_SUSPICIOUS_MOVE = YES;
				CLANG_WARN_UNGUARDED_AVAILABILITY = YES_AGGRESSIVE;
				CLANG_WARN_UNREACHABLE_CODE = YES;
				CLANG_WARN__DUPLICATE_METHOD_MATCH = YES;
				CODE_SIGN_IDENTITY = "iPhone Developer";
				COPY_PHASE_STRIP = NO;
				DEBUG_INFORMATION_FORMAT = dwarf;
				ENABLE_STRICT_OBJC_MSGSEND = YES;
				ENABLE_TESTABILITY = YES;
				GCC_C_LANGUAGE_STANDARD = gnu11;
				GCC_DYNAMIC_NO_PIC = NO;
				GCC_NO_COMMON_BLOCKS = YES;
				GCC_OPTIMIZATION_LEVEL = 0;
				GCC_PREPROCESSOR_DEFINITIONS = (
					"DEBUG=1",
					"$(inherited)",
				);
				GCC_WARN_64_TO_32_BIT_CONVERSION = YES;
				GCC_WARN_ABOUT_RETURN_TYPE = YES_ERROR;
				GCC_WARN_UNDECLARED_SELECTOR = YES;
				GCC_WARN_UNINITIALIZED_AUTOS = YES_AGGRESSIVE;
				GCC_WARN_UNUSED_FUNCTION = YES;
				GCC_WARN_UNUSED_VARIABLE = YES;
				IPHONEOS_DEPLOYMENT_TARGET = 11.0;
				MTL_ENABLE_DEBUG_INFO = YES;
				ONLY_ACTIVE_ARCH = YES;
				SDKROOT = iphoneos;
				SWIFT_ACTIVE_COMPILATION_CONDITIONS = DEBUG;
				SWIFT_OPTIMIZATION_LEVEL = "-Onone";
			};
			name = Debug;
		};
		D75146031F269D7000B0658C /* Release */ = {
			isa = XCBuildConfiguration;
			buildSettings = {
				ALWAYS_SEARCH_USER_PATHS = NO;
				CLANG_ANALYZER_NONNULL = YES;
				CLANG_ANALYZER_NUMBER_OBJECT_CONVERSION = YES_AGGRESSIVE;
				CLANG_CXX_LANGUAGE_STANDARD = "gnu++14";
				CLANG_CXX_LIBRARY = "libc++";
				CLANG_ENABLE_MODULES = YES;
				CLANG_ENABLE_OBJC_ARC = YES;
				CLANG_WARN_BLOCK_CAPTURE_AUTORELEASING = YES;
				CLANG_WARN_BOOL_CONVERSION = YES;
				CLANG_WARN_COMMA = YES;
				CLANG_WARN_CONSTANT_CONVERSION = YES;
				CLANG_WARN_DIRECT_OBJC_ISA_USAGE = YES_ERROR;
				CLANG_WARN_DOCUMENTATION_COMMENTS = YES;
				CLANG_WARN_EMPTY_BODY = YES;
				CLANG_WARN_ENUM_CONVERSION = YES;
				CLANG_WARN_INFINITE_RECURSION = YES;
				CLANG_WARN_INT_CONVERSION = YES;
				CLANG_WARN_NON_LITERAL_NULL_CONVERSION = YES;
				CLANG_WARN_OBJC_LITERAL_CONVERSION = YES;
				CLANG_WARN_OBJC_ROOT_CLASS = YES_ERROR;
				CLANG_WARN_RANGE_LOOP_ANALYSIS = YES;
				CLANG_WARN_STRICT_PROTOTYPES = YES;
				CLANG_WARN_SUSPICIOUS_MOVE = YES;
				CLANG_WARN_UNGUARDED_AVAILABILITY = YES_AGGRESSIVE;
				CLANG_WARN_UNREACHABLE_CODE = YES;
				CLANG_WARN__DUPLICATE_METHOD_MATCH = YES;
				CODE_SIGN_IDENTITY = "iPhone Developer";
				COPY_PHASE_STRIP = NO;
				DEBUG_INFORMATION_FORMAT = "dwarf-with-dsym";
				ENABLE_NS_ASSERTIONS = NO;
				ENABLE_STRICT_OBJC_MSGSEND = YES;
				GCC_C_LANGUAGE_STANDARD = gnu11;
				GCC_NO_COMMON_BLOCKS = YES;
				GCC_WARN_64_TO_32_BIT_CONVERSION = YES;
				GCC_WARN_ABOUT_RETURN_TYPE = YES_ERROR;
				GCC_WARN_UNDECLARED_SELECTOR = YES;
				GCC_WARN_UNINITIALIZED_AUTOS = YES_AGGRESSIVE;
				GCC_WARN_UNUSED_FUNCTION = YES;
				GCC_WARN_UNUSED_VARIABLE = YES;
				IPHONEOS_DEPLOYMENT_TARGET = 11.0;
				MTL_ENABLE_DEBUG_INFO = NO;
				SDKROOT = iphoneos;
				SWIFT_OPTIMIZATION_LEVEL = "-Owholemodule";
				VALIDATE_PRODUCT = YES;
			};
			name = Release;
		};
		D75146051F269D7000B0658C /* Debug */ = {
			isa = XCBuildConfiguration;
			buildSettings = {
				ASSETCATALOG_COMPILER_APPICON_NAME = AppIcon;
				DEVELOPMENT_TEAM = LJ39N47822;
				INFOPLIST_FILE = TodoWithMonitorSampleApp/Info.plist;
				LD_RUNPATH_SEARCH_PATHS = "$(inherited) @executable_path/Frameworks";
				PRODUCT_BUNDLE_IDENTIFIER = nsomar.TodoWithMonitorSampleApp;
				PRODUCT_NAME = "$(TARGET_NAME)";
				SWIFT_VERSION = 4.0;
				TARGETED_DEVICE_FAMILY = "1,2";
			};
			name = Debug;
		};
		D75146061F269D7000B0658C /* Release */ = {
			isa = XCBuildConfiguration;
			buildSettings = {
				ASSETCATALOG_COMPILER_APPICON_NAME = AppIcon;
				DEVELOPMENT_TEAM = LJ39N47822;
				INFOPLIST_FILE = TodoWithMonitorSampleApp/Info.plist;
				LD_RUNPATH_SEARCH_PATHS = "$(inherited) @executable_path/Frameworks";
				PRODUCT_BUNDLE_IDENTIFIER = nsomar.TodoWithMonitorSampleApp;
				PRODUCT_NAME = "$(TARGET_NAME)";
				SWIFT_VERSION = 4.0;
				TARGETED_DEVICE_FAMILY = "1,2";
			};
			name = Release;
		};
/* End XCBuildConfiguration section */

/* Begin XCConfigurationList section */
		D75145ED1F269D7000B0658C /* Build configuration list for PBXProject "TodoWithMonitorSampleApp" */ = {
			isa = XCConfigurationList;
			buildConfigurations = (
				D75146021F269D7000B0658C /* Debug */,
				D75146031F269D7000B0658C /* Release */,
			);
			defaultConfigurationIsVisible = 0;
			defaultConfigurationName = Release;
		};
		D75146041F269D7000B0658C /* Build configuration list for PBXNativeTarget "TodoWithMonitorSampleApp" */ = {
			isa = XCConfigurationList;
			buildConfigurations = (
				D75146051F269D7000B0658C /* Debug */,
				D75146061F269D7000B0658C /* Release */,
			);
			defaultConfigurationIsVisible = 0;
		};
/* End XCConfigurationList section */
	};
	rootObject = D75145EA1F269D7000B0658C /* Project object */;
}
