// !$*UTF8*$!
{
	archiveVersion = 1;
	classes = {
	};
	objectVersion = 48;
	objects = {

/* Begin PBXBuildFile section */
		D705513B1F2128E800022BF1 /* SuasMac.framework in Frameworks */ = {isa = PBXBuildFile; fileRef = D70551321F2128E800022BF1 /* SuasMac.framework */; };
		D70551421F2128E800022BF1 /* SuasMac.h in Headers */ = {isa = PBXBuildFile; fileRef = D70551341F2128E800022BF1 /* SuasMac.h */; settings = {ATTRIBUTES = (Public, ); }; };
		D705514A1F212A2C00022BF1 /* Store.swift in Sources */ = {isa = PBXBuildFile; fileRef = D7CBAA741F1EC42900DA67E9 /* Store.swift */; };
		D705514B1F212A2C00022BF1 /* State.swift in Sources */ = {isa = PBXBuildFile; fileRef = D7CBAA751F1EC42900DA67E9 /* State.swift */; };
		D705514C1F212A2C00022BF1 /* Component.swift in Sources */ = {isa = PBXBuildFile; fileRef = D7CBAA701F1EC42900DA67E9 /* Component.swift */; };
		D705514D1F212A2C00022BF1 /* DefaultStore.swift in Sources */ = {isa = PBXBuildFile; fileRef = D7CBAA721F1EC42900DA67E9 /* DefaultStore.swift */; };
		D705514E1F212A2C00022BF1 /* DefaultStoreConnectExtension.swift in Sources */ = {isa = PBXBuildFile; fileRef = D7CF19401F204EC2003EC879 /* DefaultStoreConnectExtension.swift */; };
		D705514F1F212A2C00022BF1 /* Common.swift in Sources */ = {isa = PBXBuildFile; fileRef = D7CBAA6F1F1EC42900DA67E9 /* Common.swift */; };
		D70551501F212A2C00022BF1 /* Reducer.swift in Sources */ = {isa = PBXBuildFile; fileRef = D7CBAA711F1EC42900DA67E9 /* Reducer.swift */; };
		D70551511F212A2C00022BF1 /* Middleware.swift in Sources */ = {isa = PBXBuildFile; fileRef = D7CBAA731F1EC42900DA67E9 /* Middleware.swift */; };
		D70551521F212A2C00022BF1 /* Listener.swift in Sources */ = {isa = PBXBuildFile; fileRef = D7CBAA8C1F1ECAA300DA67E9 /* Listener.swift */; };
		D70551541F212A7900022BF1 /* TestTypes.swift in Sources */ = {isa = PBXBuildFile; fileRef = D7CF19341F1FC2D0003EC879 /* TestTypes.swift */; };
		D70551551F212A7900022BF1 /* ReducerTests.swift in Sources */ = {isa = PBXBuildFile; fileRef = D7CBAA7C1F1EC45400DA67E9 /* ReducerTests.swift */; };
		D70551561F212A7900022BF1 /* StoreStateTests.swift in Sources */ = {isa = PBXBuildFile; fileRef = D7CF19361F1FC97E003EC879 /* StoreStateTests.swift */; };
		D70551571F212A7900022BF1 /* StateConverterTests.swift in Sources */ = {isa = PBXBuildFile; fileRef = D7CF19381F1FD150003EC879 /* StateConverterTests.swift */; };
		D70551581F212A7900022BF1 /* ComponentTests.swift in Sources */ = {isa = PBXBuildFile; fileRef = D7CF193A1F1FD380003EC879 /* ComponentTests.swift */; };
		D70551591F212A7900022BF1 /* ListenerTests.swift in Sources */ = {isa = PBXBuildFile; fileRef = D7CF193C1F1FDAF7003EC879 /* ListenerTests.swift */; };
		D705515A1F212A7900022BF1 /* StoreTests.swift in Sources */ = {isa = PBXBuildFile; fileRef = D7CF193E1F2033DF003EC879 /* StoreTests.swift */; };
		D705515B1F212A7900022BF1 /* MiddlewareTests.swift in Sources */ = {isa = PBXBuildFile; fileRef = D7CF19421F205B80003EC879 /* MiddlewareTests.swift */; };
		D75D6DCF1F21556200BA72C8 /* AppDelegate.swift in Sources */ = {isa = PBXBuildFile; fileRef = D75D6DCE1F21556200BA72C8 /* AppDelegate.swift */; };
		D75D6DD11F21556200BA72C8 /* Assets.xcassets in Resources */ = {isa = PBXBuildFile; fileRef = D75D6DD01F21556200BA72C8 /* Assets.xcassets */; };
		D75D6DDA1F21559600BA72C8 /* Actions.swift in Sources */ = {isa = PBXBuildFile; fileRef = D7F924D51F215182003BAC77 /* Actions.swift */; };
		D75D6DDB1F21559600BA72C8 /* Middleware.swift in Sources */ = {isa = PBXBuildFile; fileRef = D7F924D71F215182003BAC77 /* Middleware.swift */; };
		D75D6DDC1F21559600BA72C8 /* MonitorMiddleware.swift in Sources */ = {isa = PBXBuildFile; fileRef = D7F924D81F215182003BAC77 /* MonitorMiddleware.swift */; };
		D75D6DDD1F21559600BA72C8 /* Reducer.swift in Sources */ = {isa = PBXBuildFile; fileRef = D7F924D61F215182003BAC77 /* Reducer.swift */; };
		D75D6DDE1F21559600BA72C8 /* State.swift in Sources */ = {isa = PBXBuildFile; fileRef = D7F924D91F215182003BAC77 /* State.swift */; };
		D75D6DDF1F21560000BA72C8 /* GCDAsyncSocket.m in Sources */ = {isa = PBXBuildFile; fileRef = D7F924EB1F215228003BAC77 /* GCDAsyncSocket.m */; };
		D75D6DE01F21563E00BA72C8 /* SuasMac.framework in Frameworks */ = {isa = PBXBuildFile; fileRef = D70551321F2128E800022BF1 /* SuasMac.framework */; };
		D75D6DE11F21563E00BA72C8 /* SuasMac.framework in Embed Frameworks */ = {isa = PBXBuildFile; fileRef = D70551321F2128E800022BF1 /* SuasMac.framework */; settings = {ATTRIBUTES = (CodeSignOnCopy, RemoveHeadersOnCopy, ); }; };
		D75D6DEA1F2156C000BA72C8 /* Main.storyboard in Resources */ = {isa = PBXBuildFile; fileRef = D75D6DE91F2156B600BA72C8 /* Main.storyboard */; };
		D75D6DEB1F2156C300BA72C8 /* ViewController.swift in Sources */ = {isa = PBXBuildFile; fileRef = D75D6DE61F2156A000BA72C8 /* ViewController.swift */; };
		D75D6DEC1F21570600BA72C8 /* TodoCell.xib in Resources */ = {isa = PBXBuildFile; fileRef = D75D6DE51F2156A000BA72C8 /* TodoCell.xib */; };
		D7CBAA4C1F1EC38700DA67E9 /* AppDelegate.swift in Sources */ = {isa = PBXBuildFile; fileRef = D7CBAA4B1F1EC38700DA67E9 /* AppDelegate.swift */; };
		D7CBAA4E1F1EC38700DA67E9 /* ViewController.swift in Sources */ = {isa = PBXBuildFile; fileRef = D7CBAA4D1F1EC38700DA67E9 /* ViewController.swift */; };
		D7CBAA511F1EC38700DA67E9 /* Main.storyboard in Resources */ = {isa = PBXBuildFile; fileRef = D7CBAA4F1F1EC38700DA67E9 /* Main.storyboard */; };
		D7CBAA531F1EC38700DA67E9 /* Assets.xcassets in Resources */ = {isa = PBXBuildFile; fileRef = D7CBAA521F1EC38700DA67E9 /* Assets.xcassets */; };
		D7CBAA561F1EC38700DA67E9 /* LaunchScreen.storyboard in Resources */ = {isa = PBXBuildFile; fileRef = D7CBAA541F1EC38700DA67E9 /* LaunchScreen.storyboard */; };
		D7CBAA661F1EC3E100DA67E9 /* SuasIOS.h in Headers */ = {isa = PBXBuildFile; fileRef = D7CBAA641F1EC3E100DA67E9 /* SuasIOS.h */; settings = {ATTRIBUTES = (Public, ); }; };
		D7CBAA691F1EC3E100DA67E9 /* SuasIOS.framework in Frameworks */ = {isa = PBXBuildFile; fileRef = D7CBAA621F1EC3E100DA67E9 /* SuasIOS.framework */; };
		D7CBAA6A1F1EC3E100DA67E9 /* SuasIOS.framework in Embed Frameworks */ = {isa = PBXBuildFile; fileRef = D7CBAA621F1EC3E100DA67E9 /* SuasIOS.framework */; settings = {ATTRIBUTES = (CodeSignOnCopy, RemoveHeadersOnCopy, ); }; };
		D7CBAA7D1F1EC45400DA67E9 /* ReducerTests.swift in Sources */ = {isa = PBXBuildFile; fileRef = D7CBAA7C1F1EC45400DA67E9 /* ReducerTests.swift */; };
		D7CBAA7F1F1EC45400DA67E9 /* SuasIOS.framework in Frameworks */ = {isa = PBXBuildFile; fileRef = D7CBAA621F1EC3E100DA67E9 /* SuasIOS.framework */; };
		D7CBAA851F1EC4D900DA67E9 /* State.swift in Sources */ = {isa = PBXBuildFile; fileRef = D7CBAA751F1EC42900DA67E9 /* State.swift */; };
		D7CBAA861F1EC4D900DA67E9 /* Component.swift in Sources */ = {isa = PBXBuildFile; fileRef = D7CBAA701F1EC42900DA67E9 /* Component.swift */; };
		D7CBAA871F1EC4D900DA67E9 /* DefaultStore.swift in Sources */ = {isa = PBXBuildFile; fileRef = D7CBAA721F1EC42900DA67E9 /* DefaultStore.swift */; };
		D7CBAA881F1EC4D900DA67E9 /* Store.swift in Sources */ = {isa = PBXBuildFile; fileRef = D7CBAA741F1EC42900DA67E9 /* Store.swift */; };
		D7CBAA891F1EC4D900DA67E9 /* Common.swift in Sources */ = {isa = PBXBuildFile; fileRef = D7CBAA6F1F1EC42900DA67E9 /* Common.swift */; };
		D7CBAA8A1F1EC4D900DA67E9 /* Reducer.swift in Sources */ = {isa = PBXBuildFile; fileRef = D7CBAA711F1EC42900DA67E9 /* Reducer.swift */; };
		D7CBAA8B1F1EC4D900DA67E9 /* Middleware.swift in Sources */ = {isa = PBXBuildFile; fileRef = D7CBAA731F1EC42900DA67E9 /* Middleware.swift */; };
		D7CBAA8D1F1ECAA300DA67E9 /* Listener.swift in Sources */ = {isa = PBXBuildFile; fileRef = D7CBAA8C1F1ECAA300DA67E9 /* Listener.swift */; };
		D7CF19351F1FC2D1003EC879 /* TestTypes.swift in Sources */ = {isa = PBXBuildFile; fileRef = D7CF19341F1FC2D0003EC879 /* TestTypes.swift */; };
		D7CF19371F1FC97E003EC879 /* StoreStateTests.swift in Sources */ = {isa = PBXBuildFile; fileRef = D7CF19361F1FC97E003EC879 /* StoreStateTests.swift */; };
		D7CF19391F1FD150003EC879 /* StateConverterTests.swift in Sources */ = {isa = PBXBuildFile; fileRef = D7CF19381F1FD150003EC879 /* StateConverterTests.swift */; };
		D7CF193B1F1FD380003EC879 /* ComponentTests.swift in Sources */ = {isa = PBXBuildFile; fileRef = D7CF193A1F1FD380003EC879 /* ComponentTests.swift */; };
		D7CF193D1F1FDAF7003EC879 /* ListenerTests.swift in Sources */ = {isa = PBXBuildFile; fileRef = D7CF193C1F1FDAF7003EC879 /* ListenerTests.swift */; };
		D7CF193F1F2033DF003EC879 /* StoreTests.swift in Sources */ = {isa = PBXBuildFile; fileRef = D7CF193E1F2033DF003EC879 /* StoreTests.swift */; };
		D7CF19411F204EC2003EC879 /* DefaultStoreConnectExtension.swift in Sources */ = {isa = PBXBuildFile; fileRef = D7CF19401F204EC2003EC879 /* DefaultStoreConnectExtension.swift */; };
		D7CF19431F205B80003EC879 /* MiddlewareTests.swift in Sources */ = {isa = PBXBuildFile; fileRef = D7CF19421F205B80003EC879 /* MiddlewareTests.swift */; };
		D7F924DF1F2151B4003BAC77 /* Actions.swift in Sources */ = {isa = PBXBuildFile; fileRef = D7F924D51F215182003BAC77 /* Actions.swift */; };
		D7F924E01F2151B4003BAC77 /* Middleware.swift in Sources */ = {isa = PBXBuildFile; fileRef = D7F924D71F215182003BAC77 /* Middleware.swift */; };
		D7F924E11F2151B4003BAC77 /* MonitorMiddleware.swift in Sources */ = {isa = PBXBuildFile; fileRef = D7F924D81F215182003BAC77 /* MonitorMiddleware.swift */; };
		D7F924E21F2151B4003BAC77 /* Reducer.swift in Sources */ = {isa = PBXBuildFile; fileRef = D7F924D61F215182003BAC77 /* Reducer.swift */; };
		D7F924E31F2151B4003BAC77 /* State.swift in Sources */ = {isa = PBXBuildFile; fileRef = D7F924D91F215182003BAC77 /* State.swift */; };
		D7F924ED1F215230003BAC77 /* GCDAsyncSocket.m in Sources */ = {isa = PBXBuildFile; fileRef = D7F924EB1F215228003BAC77 /* GCDAsyncSocket.m */; };
/* End PBXBuildFile section */

/* Begin PBXContainerItemProxy section */
		D705513C1F2128E800022BF1 /* PBXContainerItemProxy */ = {
			isa = PBXContainerItemProxy;
			containerPortal = D7CBAA401F1EC38700DA67E9 /* Project object */;
			proxyType = 1;
			remoteGlobalIDString = D70551311F2128E800022BF1;
			remoteInfo = SuasMac;
		};
		D75D6DE21F21563E00BA72C8 /* PBXContainerItemProxy */ = {
			isa = PBXContainerItemProxy;
			containerPortal = D7CBAA401F1EC38700DA67E9 /* Project object */;
			proxyType = 1;
			remoteGlobalIDString = D70551311F2128E800022BF1;
			remoteInfo = SuasMac;
		};
		D7CBAA671F1EC3E100DA67E9 /* PBXContainerItemProxy */ = {
			isa = PBXContainerItemProxy;
			containerPortal = D7CBAA401F1EC38700DA67E9 /* Project object */;
			proxyType = 1;
			remoteGlobalIDString = D7CBAA611F1EC3E100DA67E9;
			remoteInfo = SuasIOS;
		};
		D7CBAA801F1EC45400DA67E9 /* PBXContainerItemProxy */ = {
			isa = PBXContainerItemProxy;
			containerPortal = D7CBAA401F1EC38700DA67E9 /* Project object */;
			proxyType = 1;
			remoteGlobalIDString = D7CBAA611F1EC3E100DA67E9;
			remoteInfo = SuasIOS;
		};
/* End PBXContainerItemProxy section */

/* Begin PBXCopyFilesBuildPhase section */
		D75D6DE41F21563E00BA72C8 /* Embed Frameworks */ = {
			isa = PBXCopyFilesBuildPhase;
			buildActionMask = 2147483647;
			dstPath = "";
			dstSubfolderSpec = 10;
			files = (
				D75D6DE11F21563E00BA72C8 /* SuasMac.framework in Embed Frameworks */,
			);
			name = "Embed Frameworks";
			runOnlyForDeploymentPostprocessing = 0;
		};
		D7CBAA6E1F1EC3E100DA67E9 /* Embed Frameworks */ = {
			isa = PBXCopyFilesBuildPhase;
			buildActionMask = 2147483647;
			dstPath = "";
			dstSubfolderSpec = 10;
			files = (
				D7CBAA6A1F1EC3E100DA67E9 /* SuasIOS.framework in Embed Frameworks */,
			);
			name = "Embed Frameworks";
			runOnlyForDeploymentPostprocessing = 0;
		};
/* End PBXCopyFilesBuildPhase section */

/* Begin PBXFileReference section */
		D70551321F2128E800022BF1 /* SuasMac.framework */ = {isa = PBXFileReference; explicitFileType = wrapper.framework; includeInIndex = 0; path = SuasMac.framework; sourceTree = BUILT_PRODUCTS_DIR; };
		D70551341F2128E800022BF1 /* SuasMac.h */ = {isa = PBXFileReference; lastKnownFileType = sourcecode.c.h; path = SuasMac.h; sourceTree = "<group>"; };
		D70551351F2128E800022BF1 /* Info.plist */ = {isa = PBXFileReference; lastKnownFileType = text.plist.xml; path = Info.plist; sourceTree = "<group>"; };
		D705513A1F2128E800022BF1 /* SuasMacTests.xctest */ = {isa = PBXFileReference; explicitFileType = wrapper.cfbundle; includeInIndex = 0; path = SuasMacTests.xctest; sourceTree = BUILT_PRODUCTS_DIR; };
		D70551411F2128E800022BF1 /* Info.plist */ = {isa = PBXFileReference; lastKnownFileType = text.plist.xml; path = Info.plist; sourceTree = "<group>"; };
		D75D6DCC1F21556200BA72C8 /* TodoSampleApp-Mac.app */ = {isa = PBXFileReference; explicitFileType = wrapper.application; includeInIndex = 0; path = "TodoSampleApp-Mac.app"; sourceTree = BUILT_PRODUCTS_DIR; };
		D75D6DCE1F21556200BA72C8 /* AppDelegate.swift */ = {isa = PBXFileReference; lastKnownFileType = sourcecode.swift; path = AppDelegate.swift; sourceTree = "<group>"; };
		D75D6DD01F21556200BA72C8 /* Assets.xcassets */ = {isa = PBXFileReference; lastKnownFileType = folder.assetcatalog; path = Assets.xcassets; sourceTree = "<group>"; };
		D75D6DD51F21556200BA72C8 /* Info.plist */ = {isa = PBXFileReference; lastKnownFileType = text.plist.xml; path = Info.plist; sourceTree = "<group>"; };
		D75D6DE51F2156A000BA72C8 /* TodoCell.xib */ = {isa = PBXFileReference; lastKnownFileType = file.xib; path = TodoCell.xib; sourceTree = "<group>"; };
		D75D6DE61F2156A000BA72C8 /* ViewController.swift */ = {isa = PBXFileReference; lastKnownFileType = sourcecode.swift; path = ViewController.swift; sourceTree = "<group>"; };
		D75D6DE91F2156B600BA72C8 /* Main.storyboard */ = {isa = PBXFileReference; lastKnownFileType = file.storyboard; path = Main.storyboard; sourceTree = "<group>"; };
		D7CBAA481F1EC38700DA67E9 /* TodoSampleApp-iOS.app */ = {isa = PBXFileReference; explicitFileType = wrapper.application; includeInIndex = 0; path = "TodoSampleApp-iOS.app"; sourceTree = BUILT_PRODUCTS_DIR; };
		D7CBAA4B1F1EC38700DA67E9 /* AppDelegate.swift */ = {isa = PBXFileReference; lastKnownFileType = sourcecode.swift; path = AppDelegate.swift; sourceTree = "<group>"; };
		D7CBAA4D1F1EC38700DA67E9 /* ViewController.swift */ = {isa = PBXFileReference; lastKnownFileType = sourcecode.swift; path = ViewController.swift; sourceTree = "<group>"; };
		D7CBAA501F1EC38700DA67E9 /* Base */ = {isa = PBXFileReference; lastKnownFileType = file.storyboard; name = Base; path = Base.lproj/Main.storyboard; sourceTree = "<group>"; };
		D7CBAA521F1EC38700DA67E9 /* Assets.xcassets */ = {isa = PBXFileReference; lastKnownFileType = folder.assetcatalog; path = Assets.xcassets; sourceTree = "<group>"; };
		D7CBAA551F1EC38700DA67E9 /* Base */ = {isa = PBXFileReference; lastKnownFileType = file.storyboard; name = Base; path = Base.lproj/LaunchScreen.storyboard; sourceTree = "<group>"; };
		D7CBAA571F1EC38700DA67E9 /* Info.plist */ = {isa = PBXFileReference; lastKnownFileType = text.plist.xml; path = Info.plist; sourceTree = "<group>"; };
		D7CBAA621F1EC3E100DA67E9 /* SuasIOS.framework */ = {isa = PBXFileReference; explicitFileType = wrapper.framework; includeInIndex = 0; path = SuasIOS.framework; sourceTree = BUILT_PRODUCTS_DIR; };
		D7CBAA641F1EC3E100DA67E9 /* SuasIOS.h */ = {isa = PBXFileReference; lastKnownFileType = sourcecode.c.h; path = SuasIOS.h; sourceTree = "<group>"; };
		D7CBAA651F1EC3E100DA67E9 /* Info.plist */ = {isa = PBXFileReference; lastKnownFileType = text.plist.xml; path = Info.plist; sourceTree = "<group>"; };
		D7CBAA6F1F1EC42900DA67E9 /* Common.swift */ = {isa = PBXFileReference; lastKnownFileType = sourcecode.swift; path = Common.swift; sourceTree = "<group>"; };
		D7CBAA701F1EC42900DA67E9 /* Component.swift */ = {isa = PBXFileReference; lastKnownFileType = sourcecode.swift; path = Component.swift; sourceTree = "<group>"; };
		D7CBAA711F1EC42900DA67E9 /* Reducer.swift */ = {isa = PBXFileReference; lastKnownFileType = sourcecode.swift; path = Reducer.swift; sourceTree = "<group>"; };
		D7CBAA721F1EC42900DA67E9 /* DefaultStore.swift */ = {isa = PBXFileReference; lastKnownFileType = sourcecode.swift; path = DefaultStore.swift; sourceTree = "<group>"; };
		D7CBAA731F1EC42900DA67E9 /* Middleware.swift */ = {isa = PBXFileReference; lastKnownFileType = sourcecode.swift; path = Middleware.swift; sourceTree = "<group>"; };
		D7CBAA741F1EC42900DA67E9 /* Store.swift */ = {isa = PBXFileReference; lastKnownFileType = sourcecode.swift; path = Store.swift; sourceTree = "<group>"; };
		D7CBAA751F1EC42900DA67E9 /* State.swift */ = {isa = PBXFileReference; lastKnownFileType = sourcecode.swift; path = State.swift; sourceTree = "<group>"; };
		D7CBAA7A1F1EC45400DA67E9 /* SuasIOSTests.xctest */ = {isa = PBXFileReference; explicitFileType = wrapper.cfbundle; includeInIndex = 0; path = SuasIOSTests.xctest; sourceTree = BUILT_PRODUCTS_DIR; };
		D7CBAA7C1F1EC45400DA67E9 /* ReducerTests.swift */ = {isa = PBXFileReference; lastKnownFileType = sourcecode.swift; path = ReducerTests.swift; sourceTree = "<group>"; };
		D7CBAA7E1F1EC45400DA67E9 /* Info.plist */ = {isa = PBXFileReference; lastKnownFileType = text.plist.xml; path = Info.plist; sourceTree = "<group>"; };
		D7CBAA8C1F1ECAA300DA67E9 /* Listener.swift */ = {isa = PBXFileReference; lastKnownFileType = sourcecode.swift; path = Listener.swift; sourceTree = "<group>"; };
		D7CF19341F1FC2D0003EC879 /* TestTypes.swift */ = {isa = PBXFileReference; lastKnownFileType = sourcecode.swift; path = TestTypes.swift; sourceTree = "<group>"; };
		D7CF19361F1FC97E003EC879 /* StoreStateTests.swift */ = {isa = PBXFileReference; lastKnownFileType = sourcecode.swift; path = StoreStateTests.swift; sourceTree = "<group>"; };
		D7CF19381F1FD150003EC879 /* StateConverterTests.swift */ = {isa = PBXFileReference; lastKnownFileType = sourcecode.swift; path = StateConverterTests.swift; sourceTree = "<group>"; };
		D7CF193A1F1FD380003EC879 /* ComponentTests.swift */ = {isa = PBXFileReference; lastKnownFileType = sourcecode.swift; path = ComponentTests.swift; sourceTree = "<group>"; };
		D7CF193C1F1FDAF7003EC879 /* ListenerTests.swift */ = {isa = PBXFileReference; lastKnownFileType = sourcecode.swift; path = ListenerTests.swift; sourceTree = "<group>"; };
		D7CF193E1F2033DF003EC879 /* StoreTests.swift */ = {isa = PBXFileReference; lastKnownFileType = sourcecode.swift; path = StoreTests.swift; sourceTree = "<group>"; };
		D7CF19401F204EC2003EC879 /* DefaultStoreConnectExtension.swift */ = {isa = PBXFileReference; lastKnownFileType = sourcecode.swift; path = DefaultStoreConnectExtension.swift; sourceTree = "<group>"; };
		D7CF19421F205B80003EC879 /* MiddlewareTests.swift */ = {isa = PBXFileReference; lastKnownFileType = sourcecode.swift; path = MiddlewareTests.swift; sourceTree = "<group>"; };
		D7F924D51F215182003BAC77 /* Actions.swift */ = {isa = PBXFileReference; lastKnownFileType = sourcecode.swift; path = Actions.swift; sourceTree = "<group>"; };
		D7F924D61F215182003BAC77 /* Reducer.swift */ = {isa = PBXFileReference; lastKnownFileType = sourcecode.swift; path = Reducer.swift; sourceTree = "<group>"; };
		D7F924D71F215182003BAC77 /* Middleware.swift */ = {isa = PBXFileReference; lastKnownFileType = sourcecode.swift; path = Middleware.swift; sourceTree = "<group>"; };
		D7F924D81F215182003BAC77 /* MonitorMiddleware.swift */ = {isa = PBXFileReference; lastKnownFileType = sourcecode.swift; path = MonitorMiddleware.swift; sourceTree = "<group>"; };
		D7F924D91F215182003BAC77 /* State.swift */ = {isa = PBXFileReference; lastKnownFileType = sourcecode.swift; path = State.swift; sourceTree = "<group>"; };
		D7F924EA1F215228003BAC77 /* TodoSampleApp-iOS-Bridging-Header.h */ = {isa = PBXFileReference; lastKnownFileType = sourcecode.c.h; path = "TodoSampleApp-iOS-Bridging-Header.h"; sourceTree = "<group>"; };
		D7F924EB1F215228003BAC77 /* GCDAsyncSocket.m */ = {isa = PBXFileReference; lastKnownFileType = sourcecode.c.objc; path = GCDAsyncSocket.m; sourceTree = "<group>"; };
		D7F924EC1F215228003BAC77 /* GCDAsyncSocket.h */ = {isa = PBXFileReference; lastKnownFileType = sourcecode.c.h; path = GCDAsyncSocket.h; sourceTree = "<group>"; };
/* End PBXFileReference section */

/* Begin PBXFrameworksBuildPhase section */
		D705512E1F2128E800022BF1 /* Frameworks */ = {
			isa = PBXFrameworksBuildPhase;
			buildActionMask = 2147483647;
			files = (
			);
			runOnlyForDeploymentPostprocessing = 0;
		};
		D70551371F2128E800022BF1 /* Frameworks */ = {
			isa = PBXFrameworksBuildPhase;
			buildActionMask = 2147483647;
			files = (
				D705513B1F2128E800022BF1 /* SuasMac.framework in Frameworks */,
			);
			runOnlyForDeploymentPostprocessing = 0;
		};
		D75D6DC91F21556200BA72C8 /* Frameworks */ = {
			isa = PBXFrameworksBuildPhase;
			buildActionMask = 2147483647;
			files = (
				D75D6DE01F21563E00BA72C8 /* SuasMac.framework in Frameworks */,
			);
			runOnlyForDeploymentPostprocessing = 0;
		};
		D7CBAA451F1EC38700DA67E9 /* Frameworks */ = {
			isa = PBXFrameworksBuildPhase;
			buildActionMask = 2147483647;
			files = (
				D7CBAA691F1EC3E100DA67E9 /* SuasIOS.framework in Frameworks */,
			);
			runOnlyForDeploymentPostprocessing = 0;
		};
		D7CBAA5E1F1EC3E100DA67E9 /* Frameworks */ = {
			isa = PBXFrameworksBuildPhase;
			buildActionMask = 2147483647;
			files = (
			);
			runOnlyForDeploymentPostprocessing = 0;
		};
		D7CBAA771F1EC45400DA67E9 /* Frameworks */ = {
			isa = PBXFrameworksBuildPhase;
			buildActionMask = 2147483647;
			files = (
				D7CBAA7F1F1EC45400DA67E9 /* SuasIOS.framework in Frameworks */,
			);
			runOnlyForDeploymentPostprocessing = 0;
		};
/* End PBXFrameworksBuildPhase section */

/* Begin PBXGroup section */
		D705512A1F21264F00022BF1 /* SampleApps */ = {
			isa = PBXGroup;
			children = (
				D75D6DCD1F21556200BA72C8 /* TodoSampleApp-Mac */,
				D711E9611F21422A0049718D /* Common */,
				D7CBAA4A1F1EC38700DA67E9 /* TodoSampleApp-iOS */,
			);
			path = SampleApps;
			sourceTree = "<group>";
		};
		D705512B1F21266500022BF1 /* Tests */ = {
			isa = PBXGroup;
			children = (
				D70551531F212A6500022BF1 /* SuasTests */,
				D705513E1F2128E800022BF1 /* SuasMacTests */,
				D7CBAA7B1F1EC45400DA67E9 /* SuasIOSTests */,
			);
			path = Tests;
			sourceTree = "<group>";
		};
		D705512C1F21267900022BF1 /* Sources */ = {
			isa = PBXGroup;
			children = (
				D70551491F212A1F00022BF1 /* Suas */,
				D70551331F2128E800022BF1 /* SuasMac */,
				D7CBAA631F1EC3E100DA67E9 /* SuasIOS */,
			);
			path = Sources;
			sourceTree = "<group>";
		};
		D70551331F2128E800022BF1 /* SuasMac */ = {
			isa = PBXGroup;
			children = (
				D70551341F2128E800022BF1 /* SuasMac.h */,
				D70551351F2128E800022BF1 /* Info.plist */,
			);
			path = SuasMac;
			sourceTree = "<group>";
		};
		D705513E1F2128E800022BF1 /* SuasMacTests */ = {
			isa = PBXGroup;
			children = (
				D70551411F2128E800022BF1 /* Info.plist */,
			);
			path = SuasMacTests;
			sourceTree = "<group>";
		};
		D70551491F212A1F00022BF1 /* Suas */ = {
			isa = PBXGroup;
			children = (
				D7CBAA741F1EC42900DA67E9 /* Store.swift */,
				D7CBAA751F1EC42900DA67E9 /* State.swift */,
				D7CBAA701F1EC42900DA67E9 /* Component.swift */,
				D7CBAA721F1EC42900DA67E9 /* DefaultStore.swift */,
				D7CF19401F204EC2003EC879 /* DefaultStoreConnectExtension.swift */,
				D7CBAA6F1F1EC42900DA67E9 /* Common.swift */,
				D7CBAA711F1EC42900DA67E9 /* Reducer.swift */,
				D7CBAA731F1EC42900DA67E9 /* Middleware.swift */,
				D7CBAA8C1F1ECAA300DA67E9 /* Listener.swift */,
			);
			path = Suas;
			sourceTree = "<group>";
		};
		D70551531F212A6500022BF1 /* SuasTests */ = {
			isa = PBXGroup;
			children = (
				D7CF19341F1FC2D0003EC879 /* TestTypes.swift */,
				D7CBAA7C1F1EC45400DA67E9 /* ReducerTests.swift */,
				D7CF19361F1FC97E003EC879 /* StoreStateTests.swift */,
				D7CF19381F1FD150003EC879 /* StateConverterTests.swift */,
				D7CF193A1F1FD380003EC879 /* ComponentTests.swift */,
				D7CF193C1F1FDAF7003EC879 /* ListenerTests.swift */,
				D7CF193E1F2033DF003EC879 /* StoreTests.swift */,
				D7CF19421F205B80003EC879 /* MiddlewareTests.swift */,
			);
			path = SuasTests;
			sourceTree = "<group>";
		};
		D711E9611F21422A0049718D /* Common */ = {
			isa = PBXGroup;
			children = (
				D7F924EC1F215228003BAC77 /* GCDAsyncSocket.h */,
				D7F924EB1F215228003BAC77 /* GCDAsyncSocket.m */,
				D7F924D51F215182003BAC77 /* Actions.swift */,
				D7F924D71F215182003BAC77 /* Middleware.swift */,
				D7F924D81F215182003BAC77 /* MonitorMiddleware.swift */,
				D7F924D61F215182003BAC77 /* Reducer.swift */,
				D7F924D91F215182003BAC77 /* State.swift */,
				D7F924EA1F215228003BAC77 /* TodoSampleApp-iOS-Bridging-Header.h */,
			);
			path = Common;
			sourceTree = "<group>";
		};
		D75D6DCD1F21556200BA72C8 /* TodoSampleApp-Mac */ = {
			isa = PBXGroup;
			children = (
				D75D6DE91F2156B600BA72C8 /* Main.storyboard */,
				D75D6DE51F2156A000BA72C8 /* TodoCell.xib */,
				D75D6DE61F2156A000BA72C8 /* ViewController.swift */,
				D75D6DCE1F21556200BA72C8 /* AppDelegate.swift */,
				D75D6DD01F21556200BA72C8 /* Assets.xcassets */,
				D75D6DD51F21556200BA72C8 /* Info.plist */,
			);
			path = "TodoSampleApp-Mac";
			sourceTree = "<group>";
		};
		D7CBAA3F1F1EC38700DA67E9 = {
			isa = PBXGroup;
			children = (
				D705512C1F21267900022BF1 /* Sources */,
				D705512B1F21266500022BF1 /* Tests */,
				D705512A1F21264F00022BF1 /* SampleApps */,
				D7CBAA491F1EC38700DA67E9 /* Products */,
			);
			sourceTree = "<group>";
		};
		D7CBAA491F1EC38700DA67E9 /* Products */ = {
			isa = PBXGroup;
			children = (
				D7CBAA481F1EC38700DA67E9 /* TodoSampleApp-iOS.app */,
				D7CBAA621F1EC3E100DA67E9 /* SuasIOS.framework */,
				D7CBAA7A1F1EC45400DA67E9 /* SuasIOSTests.xctest */,
				D70551321F2128E800022BF1 /* SuasMac.framework */,
				D705513A1F2128E800022BF1 /* SuasMacTests.xctest */,
				D75D6DCC1F21556200BA72C8 /* TodoSampleApp-Mac.app */,
			);
			name = Products;
			sourceTree = "<group>";
		};
		D7CBAA4A1F1EC38700DA67E9 /* TodoSampleApp-iOS */ = {
			isa = PBXGroup;
			children = (
				D7CBAA4B1F1EC38700DA67E9 /* AppDelegate.swift */,
				D7CBAA4D1F1EC38700DA67E9 /* ViewController.swift */,
				D7CBAA4F1F1EC38700DA67E9 /* Main.storyboard */,
				D7CBAA521F1EC38700DA67E9 /* Assets.xcassets */,
				D7CBAA541F1EC38700DA67E9 /* LaunchScreen.storyboard */,
				D7CBAA571F1EC38700DA67E9 /* Info.plist */,
			);
			name = "TodoSampleApp-iOS";
			path = "../SampleApps/TodoSampleApp-iOS";
			sourceTree = "<group>";
		};
		D7CBAA631F1EC3E100DA67E9 /* SuasIOS */ = {
			isa = PBXGroup;
			children = (
				D7CBAA641F1EC3E100DA67E9 /* SuasIOS.h */,
				D7CBAA651F1EC3E100DA67E9 /* Info.plist */,
			);
			name = SuasIOS;
			path = ../Sources/SuasIOS;
			sourceTree = "<group>";
		};
		D7CBAA7B1F1EC45400DA67E9 /* SuasIOSTests */ = {
			isa = PBXGroup;
			children = (
				D7CBAA7E1F1EC45400DA67E9 /* Info.plist */,
			);
			name = SuasIOSTests;
			path = ../Tests/SuasIOSTests;
			sourceTree = "<group>";
		};
/* End PBXGroup section */

/* Begin PBXHeadersBuildPhase section */
		D705512F1F2128E800022BF1 /* Headers */ = {
			isa = PBXHeadersBuildPhase;
			buildActionMask = 2147483647;
			files = (
				D70551421F2128E800022BF1 /* SuasMac.h in Headers */,
			);
			runOnlyForDeploymentPostprocessing = 0;
		};
		D7CBAA5F1F1EC3E100DA67E9 /* Headers */ = {
			isa = PBXHeadersBuildPhase;
			buildActionMask = 2147483647;
			files = (
				D7CBAA661F1EC3E100DA67E9 /* SuasIOS.h in Headers */,
			);
			runOnlyForDeploymentPostprocessing = 0;
		};
/* End PBXHeadersBuildPhase section */

/* Begin PBXNativeTarget section */
		D70551311F2128E800022BF1 /* SuasMac */ = {
			isa = PBXNativeTarget;
			buildConfigurationList = D70551431F2128E800022BF1 /* Build configuration list for PBXNativeTarget "SuasMac" */;
			buildPhases = (
				D705512D1F2128E800022BF1 /* Sources */,
				D705512E1F2128E800022BF1 /* Frameworks */,
				D705512F1F2128E800022BF1 /* Headers */,
				D70551301F2128E800022BF1 /* Resources */,
			);
			buildRules = (
			);
			dependencies = (
			);
			name = SuasMac;
			productName = SuasMac;
			productReference = D70551321F2128E800022BF1 /* SuasMac.framework */;
			productType = "com.apple.product-type.framework";
		};
		D70551391F2128E800022BF1 /* SuasMacTests */ = {
			isa = PBXNativeTarget;
			buildConfigurationList = D70551461F2128E800022BF1 /* Build configuration list for PBXNativeTarget "SuasMacTests" */;
			buildPhases = (
				D70551361F2128E800022BF1 /* Sources */,
				D70551371F2128E800022BF1 /* Frameworks */,
				D70551381F2128E800022BF1 /* Resources */,
			);
			buildRules = (
			);
			dependencies = (
				D705513D1F2128E800022BF1 /* PBXTargetDependency */,
			);
			name = SuasMacTests;
			productName = SuasMacTests;
			productReference = D705513A1F2128E800022BF1 /* SuasMacTests.xctest */;
			productType = "com.apple.product-type.bundle.unit-test";
		};
		D75D6DCB1F21556200BA72C8 /* TodoSampleApp-Mac */ = {
			isa = PBXNativeTarget;
			buildConfigurationList = D75D6DD71F21556200BA72C8 /* Build configuration list for PBXNativeTarget "TodoSampleApp-Mac" */;
			buildPhases = (
				D75D6DC81F21556200BA72C8 /* Sources */,
				D75D6DC91F21556200BA72C8 /* Frameworks */,
				D75D6DCA1F21556200BA72C8 /* Resources */,
				D75D6DE41F21563E00BA72C8 /* Embed Frameworks */,
			);
			buildRules = (
			);
			dependencies = (
				D75D6DE31F21563E00BA72C8 /* PBXTargetDependency */,
			);
			name = "TodoSampleApp-Mac";
			productName = "TodoSampleApp-Mac";
			productReference = D75D6DCC1F21556200BA72C8 /* TodoSampleApp-Mac.app */;
			productType = "com.apple.product-type.application";
		};
		D7CBAA471F1EC38700DA67E9 /* TodoSampleApp-iOS */ = {
			isa = PBXNativeTarget;
			buildConfigurationList = D7CBAA5A1F1EC38700DA67E9 /* Build configuration list for PBXNativeTarget "TodoSampleApp-iOS" */;
			buildPhases = (
				D7CBAA441F1EC38700DA67E9 /* Sources */,
				D7CBAA451F1EC38700DA67E9 /* Frameworks */,
				D7CBAA461F1EC38700DA67E9 /* Resources */,
				D7CBAA6E1F1EC3E100DA67E9 /* Embed Frameworks */,
			);
			buildRules = (
			);
			dependencies = (
				D7CBAA681F1EC3E100DA67E9 /* PBXTargetDependency */,
			);
			name = "TodoSampleApp-iOS";
			productName = "Suas-iOS-SampleApp";
			productReference = D7CBAA481F1EC38700DA67E9 /* TodoSampleApp-iOS.app */;
			productType = "com.apple.product-type.application";
		};
		D7CBAA611F1EC3E100DA67E9 /* SuasIOS */ = {
			isa = PBXNativeTarget;
			buildConfigurationList = D7CBAA6B1F1EC3E100DA67E9 /* Build configuration list for PBXNativeTarget "SuasIOS" */;
			buildPhases = (
				D7CBAA5D1F1EC3E100DA67E9 /* Sources */,
				D7CBAA5E1F1EC3E100DA67E9 /* Frameworks */,
				D7CBAA5F1F1EC3E100DA67E9 /* Headers */,
				D7CBAA601F1EC3E100DA67E9 /* Resources */,
			);
			buildRules = (
			);
			dependencies = (
			);
			name = SuasIOS;
			productName = SuasIOS;
			productReference = D7CBAA621F1EC3E100DA67E9 /* SuasIOS.framework */;
			productType = "com.apple.product-type.framework";
		};
		D7CBAA791F1EC45400DA67E9 /* SuasIOSTests */ = {
			isa = PBXNativeTarget;
			buildConfigurationList = D7CBAA821F1EC45400DA67E9 /* Build configuration list for PBXNativeTarget "SuasIOSTests" */;
			buildPhases = (
				D7CBAA761F1EC45400DA67E9 /* Sources */,
				D7CBAA771F1EC45400DA67E9 /* Frameworks */,
				D7CBAA781F1EC45400DA67E9 /* Resources */,
			);
			buildRules = (
			);
			dependencies = (
				D7CBAA811F1EC45400DA67E9 /* PBXTargetDependency */,
			);
			name = SuasIOSTests;
			productName = SuasIOSTests;
			productReference = D7CBAA7A1F1EC45400DA67E9 /* SuasIOSTests.xctest */;
			productType = "com.apple.product-type.bundle.unit-test";
		};
/* End PBXNativeTarget section */

/* Begin PBXProject section */
		D7CBAA401F1EC38700DA67E9 /* Project object */ = {
			isa = PBXProject;
			attributes = {
				LastSwiftUpdateCheck = 0900;
				LastUpgradeCheck = 0900;
				ORGANIZATIONNAME = "Omar Abdelhafith";
				TargetAttributes = {
					D70551311F2128E800022BF1 = {
						CreatedOnToolsVersion = 9.0;
						ProvisioningStyle = Manual;
					};
					D70551391F2128E800022BF1 = {
						CreatedOnToolsVersion = 9.0;
					};
					D75D6DCB1F21556200BA72C8 = {
						CreatedOnToolsVersion = 9.0;
						ProvisioningStyle = Automatic;
					};
					D7CBAA471F1EC38700DA67E9 = {
						CreatedOnToolsVersion = 9.0;
						LastSwiftMigration = 0900;
						ProvisioningStyle = Automatic;
					};
					D7CBAA611F1EC3E100DA67E9 = {
						CreatedOnToolsVersion = 9.0;
						LastSwiftMigration = 0900;
					};
					D7CBAA791F1EC45400DA67E9 = {
						CreatedOnToolsVersion = 9.0;
					};
				};
			};
			buildConfigurationList = D7CBAA431F1EC38700DA67E9 /* Build configuration list for PBXProject "Suas" */;
			compatibilityVersion = "Xcode 8.0";
			developmentRegion = en;
			hasScannedForEncodings = 0;
			knownRegions = (
				en,
				Base,
			);
			mainGroup = D7CBAA3F1F1EC38700DA67E9;
			productRefGroup = D7CBAA491F1EC38700DA67E9 /* Products */;
			projectDirPath = "";
			projectRoot = "";
			targets = (
				D7CBAA471F1EC38700DA67E9 /* TodoSampleApp-iOS */,
				D7CBAA611F1EC3E100DA67E9 /* SuasIOS */,
				D7CBAA791F1EC45400DA67E9 /* SuasIOSTests */,
				D70551311F2128E800022BF1 /* SuasMac */,
				D70551391F2128E800022BF1 /* SuasMacTests */,
				D75D6DCB1F21556200BA72C8 /* TodoSampleApp-Mac */,
			);
		};
/* End PBXProject section */

/* Begin PBXResourcesBuildPhase section */
		D70551301F2128E800022BF1 /* Resources */ = {
			isa = PBXResourcesBuildPhase;
			buildActionMask = 2147483647;
			files = (
			);
			runOnlyForDeploymentPostprocessing = 0;
		};
		D70551381F2128E800022BF1 /* Resources */ = {
			isa = PBXResourcesBuildPhase;
			buildActionMask = 2147483647;
			files = (
			);
			runOnlyForDeploymentPostprocessing = 0;
		};
		D75D6DCA1F21556200BA72C8 /* Resources */ = {
			isa = PBXResourcesBuildPhase;
			buildActionMask = 2147483647;
			files = (
				D75D6DD11F21556200BA72C8 /* Assets.xcassets in Resources */,
				D75D6DEA1F2156C000BA72C8 /* Main.storyboard in Resources */,
				D75D6DEC1F21570600BA72C8 /* TodoCell.xib in Resources */,
			);
			runOnlyForDeploymentPostprocessing = 0;
		};
		D7CBAA461F1EC38700DA67E9 /* Resources */ = {
			isa = PBXResourcesBuildPhase;
			buildActionMask = 2147483647;
			files = (
				D7CBAA561F1EC38700DA67E9 /* LaunchScreen.storyboard in Resources */,
				D7CBAA531F1EC38700DA67E9 /* Assets.xcassets in Resources */,
				D7CBAA511F1EC38700DA67E9 /* Main.storyboard in Resources */,
			);
			runOnlyForDeploymentPostprocessing = 0;
		};
		D7CBAA601F1EC3E100DA67E9 /* Resources */ = {
			isa = PBXResourcesBuildPhase;
			buildActionMask = 2147483647;
			files = (
			);
			runOnlyForDeploymentPostprocessing = 0;
		};
		D7CBAA781F1EC45400DA67E9 /* Resources */ = {
			isa = PBXResourcesBuildPhase;
			buildActionMask = 2147483647;
			files = (
			);
			runOnlyForDeploymentPostprocessing = 0;
		};
/* End PBXResourcesBuildPhase section */

/* Begin PBXSourcesBuildPhase section */
		D705512D1F2128E800022BF1 /* Sources */ = {
			isa = PBXSourcesBuildPhase;
			buildActionMask = 2147483647;
			files = (
				D705514A1F212A2C00022BF1 /* Store.swift in Sources */,
				D70551521F212A2C00022BF1 /* Listener.swift in Sources */,
				D70551511F212A2C00022BF1 /* Middleware.swift in Sources */,
				D705514C1F212A2C00022BF1 /* Component.swift in Sources */,
				D705514B1F212A2C00022BF1 /* State.swift in Sources */,
				D705514D1F212A2C00022BF1 /* DefaultStore.swift in Sources */,
				D70551501F212A2C00022BF1 /* Reducer.swift in Sources */,
				D705514F1F212A2C00022BF1 /* Common.swift in Sources */,
				D705514E1F212A2C00022BF1 /* DefaultStoreConnectExtension.swift in Sources */,
			);
			runOnlyForDeploymentPostprocessing = 0;
		};
		D70551361F2128E800022BF1 /* Sources */ = {
			isa = PBXSourcesBuildPhase;
			buildActionMask = 2147483647;
			files = (
				D70551571F212A7900022BF1 /* StateConverterTests.swift in Sources */,
				D705515B1F212A7900022BF1 /* MiddlewareTests.swift in Sources */,
				D70551551F212A7900022BF1 /* ReducerTests.swift in Sources */,
				D70551581F212A7900022BF1 /* ComponentTests.swift in Sources */,
				D705515A1F212A7900022BF1 /* StoreTests.swift in Sources */,
				D70551591F212A7900022BF1 /* ListenerTests.swift in Sources */,
				D70551561F212A7900022BF1 /* StoreStateTests.swift in Sources */,
				D70551541F212A7900022BF1 /* TestTypes.swift in Sources */,
			);
			runOnlyForDeploymentPostprocessing = 0;
		};
		D75D6DC81F21556200BA72C8 /* Sources */ = {
			isa = PBXSourcesBuildPhase;
			buildActionMask = 2147483647;
			files = (
				D75D6DDC1F21559600BA72C8 /* MonitorMiddleware.swift in Sources */,
				D75D6DDB1F21559600BA72C8 /* Middleware.swift in Sources */,
				D75D6DCF1F21556200BA72C8 /* AppDelegate.swift in Sources */,
				D75D6DDD1F21559600BA72C8 /* Reducer.swift in Sources */,
				D75D6DDA1F21559600BA72C8 /* Actions.swift in Sources */,
				D75D6DDF1F21560000BA72C8 /* GCDAsyncSocket.m in Sources */,
				D75D6DEB1F2156C300BA72C8 /* ViewController.swift in Sources */,
				D75D6DDE1F21559600BA72C8 /* State.swift in Sources */,
			);
			runOnlyForDeploymentPostprocessing = 0;
		};
		D7CBAA441F1EC38700DA67E9 /* Sources */ = {
			isa = PBXSourcesBuildPhase;
			buildActionMask = 2147483647;
			files = (
				D7F924ED1F215230003BAC77 /* GCDAsyncSocket.m in Sources */,
				D7F924DF1F2151B4003BAC77 /* Actions.swift in Sources */,
				D7F924E11F2151B4003BAC77 /* MonitorMiddleware.swift in Sources */,
				D7F924E21F2151B4003BAC77 /* Reducer.swift in Sources */,
				D7F924E01F2151B4003BAC77 /* Middleware.swift in Sources */,
				D7CBAA4E1F1EC38700DA67E9 /* ViewController.swift in Sources */,
				D7F924E31F2151B4003BAC77 /* State.swift in Sources */,
				D7CBAA4C1F1EC38700DA67E9 /* AppDelegate.swift in Sources */,
			);
			runOnlyForDeploymentPostprocessing = 0;
		};
		D7CBAA5D1F1EC3E100DA67E9 /* Sources */ = {
			isa = PBXSourcesBuildPhase;
			buildActionMask = 2147483647;
			files = (
				D7CF19411F204EC2003EC879 /* DefaultStoreConnectExtension.swift in Sources */,
				D7CBAA871F1EC4D900DA67E9 /* DefaultStore.swift in Sources */,
				D7CBAA851F1EC4D900DA67E9 /* State.swift in Sources */,
				D7CBAA8A1F1EC4D900DA67E9 /* Reducer.swift in Sources */,
				D7CBAA861F1EC4D900DA67E9 /* Component.swift in Sources */,
				D7CBAA891F1EC4D900DA67E9 /* Common.swift in Sources */,
				D7CBAA881F1EC4D900DA67E9 /* Store.swift in Sources */,
				D7CBAA8B1F1EC4D900DA67E9 /* Middleware.swift in Sources */,
				D7CBAA8D1F1ECAA300DA67E9 /* Listener.swift in Sources */,
			);
			runOnlyForDeploymentPostprocessing = 0;
		};
		D7CBAA761F1EC45400DA67E9 /* Sources */ = {
			isa = PBXSourcesBuildPhase;
			buildActionMask = 2147483647;
			files = (
				D7CF19391F1FD150003EC879 /* StateConverterTests.swift in Sources */,
				D7CF19431F205B80003EC879 /* MiddlewareTests.swift in Sources */,
				D7CBAA7D1F1EC45400DA67E9 /* ReducerTests.swift in Sources */,
				D7CF193B1F1FD380003EC879 /* ComponentTests.swift in Sources */,
				D7CF193F1F2033DF003EC879 /* StoreTests.swift in Sources */,
				D7CF193D1F1FDAF7003EC879 /* ListenerTests.swift in Sources */,
				D7CF19371F1FC97E003EC879 /* StoreStateTests.swift in Sources */,
				D7CF19351F1FC2D1003EC879 /* TestTypes.swift in Sources */,
			);
			runOnlyForDeploymentPostprocessing = 0;
		};
/* End PBXSourcesBuildPhase section */

/* Begin PBXTargetDependency section */
		D705513D1F2128E800022BF1 /* PBXTargetDependency */ = {
			isa = PBXTargetDependency;
			target = D70551311F2128E800022BF1 /* SuasMac */;
			targetProxy = D705513C1F2128E800022BF1 /* PBXContainerItemProxy */;
		};
		D75D6DE31F21563E00BA72C8 /* PBXTargetDependency */ = {
			isa = PBXTargetDependency;
			target = D70551311F2128E800022BF1 /* SuasMac */;
			targetProxy = D75D6DE21F21563E00BA72C8 /* PBXContainerItemProxy */;
		};
		D7CBAA681F1EC3E100DA67E9 /* PBXTargetDependency */ = {
			isa = PBXTargetDependency;
			target = D7CBAA611F1EC3E100DA67E9 /* SuasIOS */;
			targetProxy = D7CBAA671F1EC3E100DA67E9 /* PBXContainerItemProxy */;
		};
		D7CBAA811F1EC45400DA67E9 /* PBXTargetDependency */ = {
			isa = PBXTargetDependency;
			target = D7CBAA611F1EC3E100DA67E9 /* SuasIOS */;
			targetProxy = D7CBAA801F1EC45400DA67E9 /* PBXContainerItemProxy */;
		};
/* End PBXTargetDependency section */

/* Begin PBXVariantGroup section */
		D7CBAA4F1F1EC38700DA67E9 /* Main.storyboard */ = {
			isa = PBXVariantGroup;
			children = (
				D7CBAA501F1EC38700DA67E9 /* Base */,
			);
			name = Main.storyboard;
			sourceTree = "<group>";
		};
		D7CBAA541F1EC38700DA67E9 /* LaunchScreen.storyboard */ = {
			isa = PBXVariantGroup;
			children = (
				D7CBAA551F1EC38700DA67E9 /* Base */,
			);
			name = LaunchScreen.storyboard;
			sourceTree = "<group>";
		};
/* End PBXVariantGroup section */

/* Begin XCBuildConfiguration section */
		D70551441F2128E800022BF1 /* Debug */ = {
			isa = XCBuildConfiguration;
			buildSettings = {
				CLANG_WARN_NON_LITERAL_NULL_CONVERSION = YES;
				CLANG_WARN_OBJC_LITERAL_CONVERSION = YES;
				CODE_SIGN_IDENTITY = "Mac Developer";
				COMBINE_HIDPI_IMAGES = YES;
				CURRENT_PROJECT_VERSION = 1;
				DEFINES_MODULE = YES;
				DEVELOPMENT_TEAM = "";
				DYLIB_COMPATIBILITY_VERSION = 1;
				DYLIB_CURRENT_VERSION = 1;
				DYLIB_INSTALL_NAME_BASE = "@rpath";
				FRAMEWORK_VERSION = A;
				INFOPLIST_FILE = Sources/SuasMac/Info.plist;
				INSTALL_PATH = "$(LOCAL_LIBRARY_DIR)/Frameworks";
				LD_RUNPATH_SEARCH_PATHS = "$(inherited) @executable_path/../Frameworks @loader_path/Frameworks";
				MACOSX_DEPLOYMENT_TARGET = 10.10;
				PRODUCT_BUNDLE_IDENTIFIER = nsomar.SuasMac;
				PRODUCT_NAME = "$(TARGET_NAME:c99extidentifier)";
				PROVISIONING_PROFILE_SPECIFIER = "";
				SDKROOT = macosx;
				SKIP_INSTALL = YES;
				SWIFT_VERSION = 3.0;
				VERSIONING_SYSTEM = "apple-generic";
				VERSION_INFO_PREFIX = "";
			};
			name = Debug;
		};
		D70551451F2128E800022BF1 /* Release */ = {
			isa = XCBuildConfiguration;
			buildSettings = {
				CLANG_WARN_NON_LITERAL_NULL_CONVERSION = YES;
				CLANG_WARN_OBJC_LITERAL_CONVERSION = YES;
				CODE_SIGN_IDENTITY = "Mac Developer";
				COMBINE_HIDPI_IMAGES = YES;
				CURRENT_PROJECT_VERSION = 1;
				DEFINES_MODULE = YES;
				DEVELOPMENT_TEAM = "";
				DYLIB_COMPATIBILITY_VERSION = 1;
				DYLIB_CURRENT_VERSION = 1;
				DYLIB_INSTALL_NAME_BASE = "@rpath";
				FRAMEWORK_VERSION = A;
				INFOPLIST_FILE = Sources/SuasMac/Info.plist;
				INSTALL_PATH = "$(LOCAL_LIBRARY_DIR)/Frameworks";
				LD_RUNPATH_SEARCH_PATHS = "$(inherited) @executable_path/../Frameworks @loader_path/Frameworks";
				MACOSX_DEPLOYMENT_TARGET = 10.10;
				PRODUCT_BUNDLE_IDENTIFIER = nsomar.SuasMac;
				PRODUCT_NAME = "$(TARGET_NAME:c99extidentifier)";
				PROVISIONING_PROFILE_SPECIFIER = "";
				SDKROOT = macosx;
				SKIP_INSTALL = YES;
				SWIFT_VERSION = 3.0;
				VERSIONING_SYSTEM = "apple-generic";
				VERSION_INFO_PREFIX = "";
			};
			name = Release;
		};
		D70551471F2128E800022BF1 /* Debug */ = {
			isa = XCBuildConfiguration;
			buildSettings = {
				ALWAYS_EMBED_SWIFT_STANDARD_LIBRARIES = YES;
				CLANG_WARN_NON_LITERAL_NULL_CONVERSION = YES;
				CLANG_WARN_OBJC_LITERAL_CONVERSION = YES;
				CODE_SIGN_IDENTITY = "Mac Developer";
				COMBINE_HIDPI_IMAGES = YES;
				DEVELOPMENT_TEAM = LJ39N47822;
				INFOPLIST_FILE = Tests/SuasMacTests/Info.plist;
				LD_RUNPATH_SEARCH_PATHS = "$(inherited) @executable_path/../Frameworks @loader_path/../Frameworks";
				MACOSX_DEPLOYMENT_TARGET = 10.12;
				PRODUCT_BUNDLE_IDENTIFIER = nsomar.SuasMacTests;
				PRODUCT_NAME = "$(TARGET_NAME)";
				SDKROOT = macosx;
				SWIFT_VERSION = 3.0;
			};
			name = Debug;
		};
		D70551481F2128E800022BF1 /* Release */ = {
			isa = XCBuildConfiguration;
			buildSettings = {
				ALWAYS_EMBED_SWIFT_STANDARD_LIBRARIES = YES;
				CLANG_WARN_NON_LITERAL_NULL_CONVERSION = YES;
				CLANG_WARN_OBJC_LITERAL_CONVERSION = YES;
				CODE_SIGN_IDENTITY = "Mac Developer";
				COMBINE_HIDPI_IMAGES = YES;
				DEVELOPMENT_TEAM = LJ39N47822;
				INFOPLIST_FILE = Tests/SuasMacTests/Info.plist;
				LD_RUNPATH_SEARCH_PATHS = "$(inherited) @executable_path/../Frameworks @loader_path/../Frameworks";
				MACOSX_DEPLOYMENT_TARGET = 10.12;
				PRODUCT_BUNDLE_IDENTIFIER = nsomar.SuasMacTests;
				PRODUCT_NAME = "$(TARGET_NAME)";
				SDKROOT = macosx;
				SWIFT_VERSION = 3.0;
			};
			name = Release;
		};
		D75D6DD81F21556200BA72C8 /* Debug */ = {
			isa = XCBuildConfiguration;
			buildSettings = {
				ALWAYS_EMBED_SWIFT_STANDARD_LIBRARIES = YES;
				ASSETCATALOG_COMPILER_APPICON_NAME = AppIcon;
				CLANG_WARN_NON_LITERAL_NULL_CONVERSION = YES;
				CLANG_WARN_OBJC_LITERAL_CONVERSION = YES;
				CODE_SIGN_IDENTITY = "Mac Developer";
				CODE_SIGN_STYLE = Automatic;
				COMBINE_HIDPI_IMAGES = YES;
				DEVELOPMENT_TEAM = LJ39N47822;
				INFOPLIST_FILE = "SampleApps/TodoSampleApp-Mac/Info.plist";
				LD_RUNPATH_SEARCH_PATHS = "$(inherited) @executable_path/../Frameworks";
				MACOSX_DEPLOYMENT_TARGET = 10.12;
				PRODUCT_BUNDLE_IDENTIFIER = "nsomar.TodoSampleApp-Mac";
				PRODUCT_NAME = "$(TARGET_NAME)";
				PROVISIONING_PROFILE_SPECIFIER = "";
				SDKROOT = macosx;
				SWIFT_OBJC_BRIDGING_HEADER = "SampleApps/Common/TodoSampleApp-iOS-Bridging-Header.h";
				SWIFT_VERSION = 3.0;
			};
			name = Debug;
		};
		D75D6DD91F21556200BA72C8 /* Release */ = {
			isa = XCBuildConfiguration;
			buildSettings = {
				ALWAYS_EMBED_SWIFT_STANDARD_LIBRARIES = YES;
				ASSETCATALOG_COMPILER_APPICON_NAME = AppIcon;
				CLANG_WARN_NON_LITERAL_NULL_CONVERSION = YES;
				CLANG_WARN_OBJC_LITERAL_CONVERSION = YES;
				CODE_SIGN_IDENTITY = "Mac Developer";
				CODE_SIGN_STYLE = Automatic;
				COMBINE_HIDPI_IMAGES = YES;
				DEVELOPMENT_TEAM = LJ39N47822;
				INFOPLIST_FILE = "SampleApps/TodoSampleApp-Mac/Info.plist";
				LD_RUNPATH_SEARCH_PATHS = "$(inherited) @executable_path/../Frameworks";
				MACOSX_DEPLOYMENT_TARGET = 10.12;
				PRODUCT_BUNDLE_IDENTIFIER = "nsomar.TodoSampleApp-Mac";
				PRODUCT_NAME = "$(TARGET_NAME)";
				PROVISIONING_PROFILE_SPECIFIER = "";
				SDKROOT = macosx;
				SWIFT_OBJC_BRIDGING_HEADER = "SampleApps/Common/TodoSampleApp-iOS-Bridging-Header.h";
				SWIFT_VERSION = 3.0;
			};
			name = Release;
		};
		D7CBAA581F1EC38700DA67E9 /* Debug */ = {
			isa = XCBuildConfiguration;
			buildSettings = {
				ALWAYS_SEARCH_USER_PATHS = NO;
				CLANG_ANALYZER_NONNULL = YES;
				CLANG_ANALYZER_NUMBER_OBJECT_CONVERSION = YES_AGGRESSIVE;
				CLANG_CXX_LANGUAGE_STANDARD = "gnu++14";
				CLANG_CXX_LIBRARY = "libc++";
				CLANG_ENABLE_MODULES = YES;
				CLANG_ENABLE_OBJC_ARC = YES;
				CLANG_WARN_BLOCK_CAPTURE_AUTORELEASING = YES;
				CLANG_WARN_BOOL_CONVERSION = YES;
				CLANG_WARN_COMMA = YES;
				CLANG_WARN_CONSTANT_CONVERSION = YES;
				CLANG_WARN_DIRECT_OBJC_ISA_USAGE = YES_ERROR;
				CLANG_WARN_DOCUMENTATION_COMMENTS = YES;
				CLANG_WARN_EMPTY_BODY = YES;
				CLANG_WARN_ENUM_CONVERSION = YES;
				CLANG_WARN_INFINITE_RECURSION = YES;
				CLANG_WARN_INT_CONVERSION = YES;
				CLANG_WARN_OBJC_ROOT_CLASS = YES_ERROR;
				CLANG_WARN_RANGE_LOOP_ANALYSIS = YES;
				CLANG_WARN_STRICT_PROTOTYPES = YES;
				CLANG_WARN_SUSPICIOUS_MOVE = YES;
				CLANG_WARN_UNGUARDED_AVAILABILITY = YES_AGGRESSIVE;
				CLANG_WARN_UNREACHABLE_CODE = YES;
				CLANG_WARN__DUPLICATE_METHOD_MATCH = YES;
				CODE_SIGN_IDENTITY = "iPhone Developer";
				COPY_PHASE_STRIP = NO;
				DEBUG_INFORMATION_FORMAT = dwarf;
				ENABLE_STRICT_OBJC_MSGSEND = YES;
				ENABLE_TESTABILITY = YES;
				GCC_C_LANGUAGE_STANDARD = gnu11;
				GCC_DYNAMIC_NO_PIC = NO;
				GCC_NO_COMMON_BLOCKS = YES;
				GCC_OPTIMIZATION_LEVEL = 0;
				GCC_PREPROCESSOR_DEFINITIONS = (
					"DEBUG=1",
					"$(inherited)",
				);
				GCC_WARN_64_TO_32_BIT_CONVERSION = YES;
				GCC_WARN_ABOUT_RETURN_TYPE = YES_ERROR;
				GCC_WARN_UNDECLARED_SELECTOR = YES;
				GCC_WARN_UNINITIALIZED_AUTOS = YES_AGGRESSIVE;
				GCC_WARN_UNUSED_FUNCTION = YES;
				GCC_WARN_UNUSED_VARIABLE = YES;
				IPHONEOS_DEPLOYMENT_TARGET = 9.2;
				MTL_ENABLE_DEBUG_INFO = YES;
				ONLY_ACTIVE_ARCH = YES;
				SDKROOT = iphoneos;
				SWIFT_ACTIVE_COMPILATION_CONDITIONS = DEBUG;
				SWIFT_OPTIMIZATION_LEVEL = "-Onone";
			};
			name = Debug;
		};
		D7CBAA591F1EC38700DA67E9 /* Release */ = {
			isa = XCBuildConfiguration;
			buildSettings = {
				ALWAYS_SEARCH_USER_PATHS = NO;
				CLANG_ANALYZER_NONNULL = YES;
				CLANG_ANALYZER_NUMBER_OBJECT_CONVERSION = YES_AGGRESSIVE;
				CLANG_CXX_LANGUAGE_STANDARD = "gnu++14";
				CLANG_CXX_LIBRARY = "libc++";
				CLANG_ENABLE_MODULES = YES;
				CLANG_ENABLE_OBJC_ARC = YES;
				CLANG_WARN_BLOCK_CAPTURE_AUTORELEASING = YES;
				CLANG_WARN_BOOL_CONVERSION = YES;
				CLANG_WARN_COMMA = YES;
				CLANG_WARN_CONSTANT_CONVERSION = YES;
				CLANG_WARN_DIRECT_OBJC_ISA_USAGE = YES_ERROR;
				CLANG_WARN_DOCUMENTATION_COMMENTS = YES;
				CLANG_WARN_EMPTY_BODY = YES;
				CLANG_WARN_ENUM_CONVERSION = YES;
				CLANG_WARN_INFINITE_RECURSION = YES;
				CLANG_WARN_INT_CONVERSION = YES;
				CLANG_WARN_OBJC_ROOT_CLASS = YES_ERROR;
				CLANG_WARN_RANGE_LOOP_ANALYSIS = YES;
				CLANG_WARN_STRICT_PROTOTYPES = YES;
				CLANG_WARN_SUSPICIOUS_MOVE = YES;
				CLANG_WARN_UNGUARDED_AVAILABILITY = YES_AGGRESSIVE;
				CLANG_WARN_UNREACHABLE_CODE = YES;
				CLANG_WARN__DUPLICATE_METHOD_MATCH = YES;
				CODE_SIGN_IDENTITY = "iPhone Developer";
				COPY_PHASE_STRIP = NO;
				DEBUG_INFORMATION_FORMAT = "dwarf-with-dsym";
				ENABLE_NS_ASSERTIONS = NO;
				ENABLE_STRICT_OBJC_MSGSEND = YES;
				GCC_C_LANGUAGE_STANDARD = gnu11;
				GCC_NO_COMMON_BLOCKS = YES;
				GCC_WARN_64_TO_32_BIT_CONVERSION = YES;
				GCC_WARN_ABOUT_RETURN_TYPE = YES_ERROR;
				GCC_WARN_UNDECLARED_SELECTOR = YES;
				GCC_WARN_UNINITIALIZED_AUTOS = YES_AGGRESSIVE;
				GCC_WARN_UNUSED_FUNCTION = YES;
				GCC_WARN_UNUSED_VARIABLE = YES;
				IPHONEOS_DEPLOYMENT_TARGET = 9.2;
				MTL_ENABLE_DEBUG_INFO = NO;
				SDKROOT = iphoneos;
				SWIFT_OPTIMIZATION_LEVEL = "-Owholemodule";
				VALIDATE_PRODUCT = YES;
			};
			name = Release;
		};
		D7CBAA5B1F1EC38700DA67E9 /* Debug */ = {
			isa = XCBuildConfiguration;
			buildSettings = {
				ALWAYS_EMBED_SWIFT_STANDARD_LIBRARIES = YES;
				ASSETCATALOG_COMPILER_APPICON_NAME = AppIcon;
				CLANG_ENABLE_MODULES = YES;
				"CODE_SIGN_IDENTITY[sdk=iphoneos*]" = "iPhone Developer";
				CODE_SIGN_STYLE = Automatic;
				DEVELOPMENT_TEAM = LJ39N47822;
				INFOPLIST_FILE = "SampleApps/TodoSampleApp-iOS/Info.plist";
				LD_RUNPATH_SEARCH_PATHS = "$(inherited) @executable_path/Frameworks";
				PRODUCT_BUNDLE_IDENTIFIER = "nsomar.Suas-iOS.TodoSampleApp";
				PRODUCT_NAME = "$(TARGET_NAME)";
				PROVISIONING_PROFILE_SPECIFIER = "";
				SWIFT_OBJC_BRIDGING_HEADER = "SampleApps/Common/TodoSampleApp-iOS-Bridging-Header.h";
				SWIFT_OPTIMIZATION_LEVEL = "-Onone";
				SWIFT_VERSION = 3.0;
				TARGETED_DEVICE_FAMILY = "1,2";
			};
			name = Debug;
		};
		D7CBAA5C1F1EC38700DA67E9 /* Release */ = {
			isa = XCBuildConfiguration;
			buildSettings = {
				ALWAYS_EMBED_SWIFT_STANDARD_LIBRARIES = YES;
				ASSETCATALOG_COMPILER_APPICON_NAME = AppIcon;
				CLANG_ENABLE_MODULES = YES;
				"CODE_SIGN_IDENTITY[sdk=iphoneos*]" = "iPhone Developer";
				CODE_SIGN_STYLE = Automatic;
				DEVELOPMENT_TEAM = LJ39N47822;
				INFOPLIST_FILE = "SampleApps/TodoSampleApp-iOS/Info.plist";
				LD_RUNPATH_SEARCH_PATHS = "$(inherited) @executable_path/Frameworks";
				PRODUCT_BUNDLE_IDENTIFIER = "nsomar.Suas-iOS.TodoSampleApp";
				PRODUCT_NAME = "$(TARGET_NAME)";
				PROVISIONING_PROFILE_SPECIFIER = "";
				SWIFT_OBJC_BRIDGING_HEADER = "SampleApps/Common/TodoSampleApp-iOS-Bridging-Header.h";
				SWIFT_VERSION = 3.0;
				TARGETED_DEVICE_FAMILY = "1,2";
			};
			name = Release;
		};
		D7CBAA6C1F1EC3E100DA67E9 /* Debug */ = {
			isa = XCBuildConfiguration;
			buildSettings = {
				CLANG_ENABLE_MODULES = YES;
				CODE_SIGN_IDENTITY = "";
				CURRENT_PROJECT_VERSION = 1;
				DEFINES_MODULE = YES;
				DEVELOPMENT_TEAM = "";
				DYLIB_COMPATIBILITY_VERSION = 1;
				DYLIB_CURRENT_VERSION = 1;
				DYLIB_INSTALL_NAME_BASE = "@rpath";
				INFOPLIST_FILE = Sources/SuasIOS/Info.plist;
				INSTALL_PATH = "$(LOCAL_LIBRARY_DIR)/Frameworks";
				LD_RUNPATH_SEARCH_PATHS = "$(inherited) @executable_path/Frameworks @loader_path/Frameworks";
				PRODUCT_BUNDLE_IDENTIFIER = nsomar.SuasIOS;
				PRODUCT_NAME = "$(TARGET_NAME:c99extidentifier)";
				SKIP_INSTALL = YES;
				SWIFT_OPTIMIZATION_LEVEL = "-Onone";
				SWIFT_VERSION = 3.0;
				TARGETED_DEVICE_FAMILY = "1,2";
				VERSIONING_SYSTEM = "apple-generic";
				VERSION_INFO_PREFIX = "";
			};
			name = Debug;
		};
		D7CBAA6D1F1EC3E100DA67E9 /* Release */ = {
			isa = XCBuildConfiguration;
			buildSettings = {
				CLANG_ENABLE_MODULES = YES;
				CODE_SIGN_IDENTITY = "";
				CURRENT_PROJECT_VERSION = 1;
				DEFINES_MODULE = YES;
				DEVELOPMENT_TEAM = "";
				DYLIB_COMPATIBILITY_VERSION = 1;
				DYLIB_CURRENT_VERSION = 1;
				DYLIB_INSTALL_NAME_BASE = "@rpath";
				INFOPLIST_FILE = Sources/SuasIOS/Info.plist;
				INSTALL_PATH = "$(LOCAL_LIBRARY_DIR)/Frameworks";
				LD_RUNPATH_SEARCH_PATHS = "$(inherited) @executable_path/Frameworks @loader_path/Frameworks";
				PRODUCT_BUNDLE_IDENTIFIER = nsomar.SuasIOS;
				PRODUCT_NAME = "$(TARGET_NAME:c99extidentifier)";
				SKIP_INSTALL = YES;
				SWIFT_VERSION = 3.0;
				TARGETED_DEVICE_FAMILY = "1,2";
				VERSIONING_SYSTEM = "apple-generic";
				VERSION_INFO_PREFIX = "";
			};
			name = Release;
		};
		D7CBAA831F1EC45400DA67E9 /* Debug */ = {
			isa = XCBuildConfiguration;
			buildSettings = {
				ALWAYS_EMBED_SWIFT_STANDARD_LIBRARIES = YES;
				DEVELOPMENT_TEAM = LJ39N47822;
				INFOPLIST_FILE = Tests/SuasIOSTests/Info.plist;
				LD_RUNPATH_SEARCH_PATHS = "$(inherited) @executable_path/Frameworks @loader_path/Frameworks";
				PRODUCT_BUNDLE_IDENTIFIER = nsomar.SuasIOSTests;
				PRODUCT_NAME = "$(TARGET_NAME)";
				SWIFT_VERSION = 3.0;
				TARGETED_DEVICE_FAMILY = "1,2";
			};
			name = Debug;
		};
		D7CBAA841F1EC45400DA67E9 /* Release */ = {
			isa = XCBuildConfiguration;
			buildSettings = {
				ALWAYS_EMBED_SWIFT_STANDARD_LIBRARIES = YES;
				DEVELOPMENT_TEAM = LJ39N47822;
				INFOPLIST_FILE = Tests/SuasIOSTests/Info.plist;
				LD_RUNPATH_SEARCH_PATHS = "$(inherited) @executable_path/Frameworks @loader_path/Frameworks";
				PRODUCT_BUNDLE_IDENTIFIER = nsomar.SuasIOSTests;
				PRODUCT_NAME = "$(TARGET_NAME)";
				SWIFT_VERSION = 3.0;
				TARGETED_DEVICE_FAMILY = "1,2";
			};
			name = Release;
		};
/* End XCBuildConfiguration section */

/* Begin XCConfigurationList section */
		D70551431F2128E800022BF1 /* Build configuration list for PBXNativeTarget "SuasMac" */ = {
			isa = XCConfigurationList;
			buildConfigurations = (
				D70551441F2128E800022BF1 /* Debug */,
				D70551451F2128E800022BF1 /* Release */,
			);
			defaultConfigurationIsVisible = 0;
			defaultConfigurationName = Release;
		};
		D70551461F2128E800022BF1 /* Build configuration list for PBXNativeTarget "SuasMacTests" */ = {
			isa = XCConfigurationList;
			buildConfigurations = (
				D70551471F2128E800022BF1 /* Debug */,
				D70551481F2128E800022BF1 /* Release */,
			);
			defaultConfigurationIsVisible = 0;
			defaultConfigurationName = Release;
		};
		D75D6DD71F21556200BA72C8 /* Build configuration list for PBXNativeTarget "TodoSampleApp-Mac" */ = {
			isa = XCConfigurationList;
			buildConfigurations = (
				D75D6DD81F21556200BA72C8 /* Debug */,
				D75D6DD91F21556200BA72C8 /* Release */,
			);
			defaultConfigurationIsVisible = 0;
		};
		D7CBAA431F1EC38700DA67E9 /* Build configuration list for PBXProject "Suas" */ = {
			isa = XCConfigurationList;
			buildConfigurations = (
				D7CBAA581F1EC38700DA67E9 /* Debug */,
				D7CBAA591F1EC38700DA67E9 /* Release */,
			);
			defaultConfigurationIsVisible = 0;
			defaultConfigurationName = Release;
		};
		D7CBAA5A1F1EC38700DA67E9 /* Build configuration list for PBXNativeTarget "TodoSampleApp-iOS" */ = {
			isa = XCConfigurationList;
			buildConfigurations = (
				D7CBAA5B1F1EC38700DA67E9 /* Debug */,
				D7CBAA5C1F1EC38700DA67E9 /* Release */,
			);
			defaultConfigurationIsVisible = 0;
			defaultConfigurationName = Release;
		};
		D7CBAA6B1F1EC3E100DA67E9 /* Build configuration list for PBXNativeTarget "SuasIOS" */ = {
			isa = XCConfigurationList;
			buildConfigurations = (
				D7CBAA6C1F1EC3E100DA67E9 /* Debug */,
				D7CBAA6D1F1EC3E100DA67E9 /* Release */,
			);
			defaultConfigurationIsVisible = 0;
			defaultConfigurationName = Release;
		};
		D7CBAA821F1EC45400DA67E9 /* Build configuration list for PBXNativeTarget "SuasIOSTests" */ = {
			isa = XCConfigurationList;
			buildConfigurations = (
				D7CBAA831F1EC45400DA67E9 /* Debug */,
				D7CBAA841F1EC45400DA67E9 /* Release */,
			);
			defaultConfigurationIsVisible = 0;
			defaultConfigurationName = Release;
		};
/* End XCConfigurationList section */
	};
	rootObject = D7CBAA401F1EC38700DA67E9 /* Project object */;
}
